// !$*UTF8*$!
{
	archiveVersion = 1;
	classes = {
	};
	objectVersion = 50;
	objects = {

/* Begin PBXBuildFile section */
		711DA0BA273C770A006A9B18 /* AppDelegate.swift in Sources */ = {isa = PBXBuildFile; fileRef = 711DA0B9273C770A006A9B18 /* AppDelegate.swift */; };
		711DA0BC273C770A006A9B18 /* art.scnassets in Resources */ = {isa = PBXBuildFile; fileRef = 711DA0BB273C770A006A9B18 /* art.scnassets */; };
		711DA0BE273C770A006A9B18 /* ViewController.swift in Sources */ = {isa = PBXBuildFile; fileRef = 711DA0BD273C770A006A9B18 /* ViewController.swift */; };
		711DA0C1273C770A006A9B18 /* Main.storyboard in Resources */ = {isa = PBXBuildFile; fileRef = 711DA0BF273C770A006A9B18 /* Main.storyboard */; };
		711DA0C3273C7715006A9B18 /* Assets.xcassets in Resources */ = {isa = PBXBuildFile; fileRef = 711DA0C2273C7715006A9B18 /* Assets.xcassets */; };
		711DA0C6273C7715006A9B18 /* LaunchScreen.storyboard in Resources */ = {isa = PBXBuildFile; fileRef = 711DA0C4273C7715006A9B18 /* LaunchScreen.storyboard */; };
		711DA0D1273C7715006A9B18 /* FaceTrackingTests.swift in Sources */ = {isa = PBXBuildFile; fileRef = 711DA0D0273C7715006A9B18 /* FaceTrackingTests.swift */; };
		711DA0DC273C7715006A9B18 /* FaceTrackingUITests.swift in Sources */ = {isa = PBXBuildFile; fileRef = 711DA0DB273C7715006A9B18 /* FaceTrackingUITests.swift */; };
/* End PBXBuildFile section */

/* Begin PBXContainerItemProxy section */
		711DA0CD273C7715006A9B18 /* PBXContainerItemProxy */ = {
			isa = PBXContainerItemProxy;
			containerPortal = 711DA0AE273C770A006A9B18 /* Project object */;
			proxyType = 1;
			remoteGlobalIDString = 711DA0B5273C770A006A9B18;
			remoteInfo = FaceTracking;
		};
		711DA0D8273C7715006A9B18 /* PBXContainerItemProxy */ = {
			isa = PBXContainerItemProxy;
			containerPortal = 711DA0AE273C770A006A9B18 /* Project object */;
			proxyType = 1;
			remoteGlobalIDString = 711DA0B5273C770A006A9B18;
			remoteInfo = FaceTracking;
		};
/* End PBXContainerItemProxy section */

/* Begin PBXFileReference section */
		711DA0B6273C770A006A9B18 /* FaceTracking.app */ = {isa = PBXFileReference; explicitFileType = wrapper.application; includeInIndex = 0; path = FaceTracking.app; sourceTree = BUILT_PRODUCTS_DIR; };
		711DA0B9273C770A006A9B18 /* AppDelegate.swift */ = {isa = PBXFileReference; lastKnownFileType = sourcecode.swift; path = AppDelegate.swift; sourceTree = "<group>"; };
		711DA0BB273C770A006A9B18 /* art.scnassets */ = {isa = PBXFileReference; lastKnownFileType = wrapper.scnassets; path = art.scnassets; sourceTree = "<group>"; };
		711DA0BD273C770A006A9B18 /* ViewController.swift */ = {isa = PBXFileReference; lastKnownFileType = sourcecode.swift; path = ViewController.swift; sourceTree = "<group>"; };
		711DA0C0273C770A006A9B18 /* Base */ = {isa = PBXFileReference; lastKnownFileType = file.storyboard; name = Base; path = Base.lproj/Main.storyboard; sourceTree = "<group>"; };
		711DA0C2273C7715006A9B18 /* Assets.xcassets */ = {isa = PBXFileReference; lastKnownFileType = folder.assetcatalog; path = Assets.xcassets; sourceTree = "<group>"; };
		711DA0C5273C7715006A9B18 /* Base */ = {isa = PBXFileReference; lastKnownFileType = file.storyboard; name = Base; path = Base.lproj/LaunchScreen.storyboard; sourceTree = "<group>"; };
		711DA0C7273C7715006A9B18 /* Info.plist */ = {isa = PBXFileReference; lastKnownFileType = text.plist.xml; path = Info.plist; sourceTree = "<group>"; };
		711DA0CC273C7715006A9B18 /* FaceTrackingTests.xctest */ = {isa = PBXFileReference; explicitFileType = wrapper.cfbundle; includeInIndex = 0; path = FaceTrackingTests.xctest; sourceTree = BUILT_PRODUCTS_DIR; };
		711DA0D0273C7715006A9B18 /* FaceTrackingTests.swift */ = {isa = PBXFileReference; lastKnownFileType = sourcecode.swift; path = FaceTrackingTests.swift; sourceTree = "<group>"; };
		711DA0D2273C7715006A9B18 /* Info.plist */ = {isa = PBXFileReference; lastKnownFileType = text.plist.xml; path = Info.plist; sourceTree = "<group>"; };
		711DA0D7273C7715006A9B18 /* FaceTrackingUITests.xctest */ = {isa = PBXFileReference; explicitFileType = wrapper.cfbundle; includeInIndex = 0; path = FaceTrackingUITests.xctest; sourceTree = BUILT_PRODUCTS_DIR; };
		711DA0DB273C7715006A9B18 /* FaceTrackingUITests.swift */ = {isa = PBXFileReference; lastKnownFileType = sourcecode.swift; path = FaceTrackingUITests.swift; sourceTree = "<group>"; };
		711DA0DD273C7715006A9B18 /* Info.plist */ = {isa = PBXFileReference; lastKnownFileType = text.plist.xml; path = Info.plist; sourceTree = "<group>"; };
/* End PBXFileReference section */

/* Begin PBXFrameworksBuildPhase section */
		711DA0B3273C770A006A9B18 /* Frameworks */ = {
			isa = PBXFrameworksBuildPhase;
			buildActionMask = 2147483647;
			files = (
			);
			runOnlyForDeploymentPostprocessing = 0;
		};
		711DA0C9273C7715006A9B18 /* Frameworks */ = {
			isa = PBXFrameworksBuildPhase;
			buildActionMask = 2147483647;
			files = (
			);
			runOnlyForDeploymentPostprocessing = 0;
		};
		711DA0D4273C7715006A9B18 /* Frameworks */ = {
			isa = PBXFrameworksBuildPhase;
			buildActionMask = 2147483647;
			files = (
			);
			runOnlyForDeploymentPostprocessing = 0;
		};
/* End PBXFrameworksBuildPhase section */

/* Begin PBXGroup section */
		711DA0AD273C770A006A9B18 = {
			isa = PBXGroup;
			children = (
				711DA0B8273C770A006A9B18 /* FaceTracking */,
				711DA0CF273C7715006A9B18 /* FaceTrackingTests */,
				711DA0DA273C7715006A9B18 /* FaceTrackingUITests */,
				711DA0B7273C770A006A9B18 /* Products */,
			);
			sourceTree = "<group>";
		};
		711DA0B7273C770A006A9B18 /* Products */ = {
			isa = PBXGroup;
			children = (
				711DA0B6273C770A006A9B18 /* FaceTracking.app */,
				711DA0CC273C7715006A9B18 /* FaceTrackingTests.xctest */,
				711DA0D7273C7715006A9B18 /* FaceTrackingUITests.xctest */,
			);
			name = Products;
			sourceTree = "<group>";
		};
		711DA0B8273C770A006A9B18 /* FaceTracking */ = {
			isa = PBXGroup;
			children = (
				711DA0B9273C770A006A9B18 /* AppDelegate.swift */,
				711DA0BB273C770A006A9B18 /* art.scnassets */,
				711DA0BD273C770A006A9B18 /* ViewController.swift */,
				711DA0BF273C770A006A9B18 /* Main.storyboard */,
				711DA0C2273C7715006A9B18 /* Assets.xcassets */,
				711DA0C4273C7715006A9B18 /* LaunchScreen.storyboard */,
				711DA0C7273C7715006A9B18 /* Info.plist */,
			);
			path = FaceTracking;
			sourceTree = "<group>";
		};
		711DA0CF273C7715006A9B18 /* FaceTrackingTests */ = {
			isa = PBXGroup;
			children = (
				711DA0D0273C7715006A9B18 /* FaceTrackingTests.swift */,
				711DA0D2273C7715006A9B18 /* Info.plist */,
			);
			path = FaceTrackingTests;
			sourceTree = "<group>";
		};
		711DA0DA273C7715006A9B18 /* FaceTrackingUITests */ = {
			isa = PBXGroup;
			children = (
				711DA0DB273C7715006A9B18 /* FaceTrackingUITests.swift */,
				711DA0DD273C7715006A9B18 /* Info.plist */,
			);
			path = FaceTrackingUITests;
			sourceTree = "<group>";
		};
/* End PBXGroup section */

/* Begin PBXNativeTarget section */
		711DA0B5273C770A006A9B18 /* FaceTracking */ = {
			isa = PBXNativeTarget;
			buildConfigurationList = 711DA0E0273C7715006A9B18 /* Build configuration list for PBXNativeTarget "FaceTracking" */;
			buildPhases = (
				711DA0B2273C770A006A9B18 /* Sources */,
				711DA0B3273C770A006A9B18 /* Frameworks */,
				711DA0B4273C770A006A9B18 /* Resources */,
			);
			buildRules = (
			);
			dependencies = (
			);
			name = FaceTracking;
			productName = FaceTracking;
			productReference = 711DA0B6273C770A006A9B18 /* FaceTracking.app */;
			productType = "com.apple.product-type.application";
		};
		711DA0CB273C7715006A9B18 /* FaceTrackingTests */ = {
			isa = PBXNativeTarget;
			buildConfigurationList = 711DA0E3273C7715006A9B18 /* Build configuration list for PBXNativeTarget "FaceTrackingTests" */;
			buildPhases = (
				711DA0C8273C7715006A9B18 /* Sources */,
				711DA0C9273C7715006A9B18 /* Frameworks */,
				711DA0CA273C7715006A9B18 /* Resources */,
			);
			buildRules = (
			);
			dependencies = (
				711DA0CE273C7715006A9B18 /* PBXTargetDependency */,
			);
			name = FaceTrackingTests;
			productName = FaceTrackingTests;
			productReference = 711DA0CC273C7715006A9B18 /* FaceTrackingTests.xctest */;
			productType = "com.apple.product-type.bundle.unit-test";
		};
		711DA0D6273C7715006A9B18 /* FaceTrackingUITests */ = {
			isa = PBXNativeTarget;
			buildConfigurationList = 711DA0E6273C7715006A9B18 /* Build configuration list for PBXNativeTarget "FaceTrackingUITests" */;
			buildPhases = (
				711DA0D3273C7715006A9B18 /* Sources */,
				711DA0D4273C7715006A9B18 /* Frameworks */,
				711DA0D5273C7715006A9B18 /* Resources */,
			);
			buildRules = (
			);
			dependencies = (
				711DA0D9273C7715006A9B18 /* PBXTargetDependency */,
			);
			name = FaceTrackingUITests;
			productName = FaceTrackingUITests;
			productReference = 711DA0D7273C7715006A9B18 /* FaceTrackingUITests.xctest */;
			productType = "com.apple.product-type.bundle.ui-testing";
		};
/* End PBXNativeTarget section */

/* Begin PBXProject section */
		711DA0AE273C770A006A9B18 /* Project object */ = {
			isa = PBXProject;
			attributes = {
				LastSwiftUpdateCheck = 1240;
				LastUpgradeCheck = 1240;
				TargetAttributes = {
					711DA0B5273C770A006A9B18 = {
						CreatedOnToolsVersion = 12.4;
					};
					711DA0CB273C7715006A9B18 = {
						CreatedOnToolsVersion = 12.4;
						TestTargetID = 711DA0B5273C770A006A9B18;
					};
					711DA0D6273C7715006A9B18 = {
						CreatedOnToolsVersion = 12.4;
						TestTargetID = 711DA0B5273C770A006A9B18;
					};
				};
			};
			buildConfigurationList = 711DA0B1273C770A006A9B18 /* Build configuration list for PBXProject "FaceTracking" */;
			compatibilityVersion = "Xcode 9.3";
			developmentRegion = en;
			hasScannedForEncodings = 0;
			knownRegions = (
				en,
				Base,
			);
			mainGroup = 711DA0AD273C770A006A9B18;
			productRefGroup = 711DA0B7273C770A006A9B18 /* Products */;
			projectDirPath = "";
			projectRoot = "";
			targets = (
				711DA0B5273C770A006A9B18 /* FaceTracking */,
				711DA0CB273C7715006A9B18 /* FaceTrackingTests */,
				711DA0D6273C7715006A9B18 /* FaceTrackingUITests */,
			);
		};
/* End PBXProject section */

/* Begin PBXResourcesBuildPhase section */
		711DA0B4273C770A006A9B18 /* Resources */ = {
			isa = PBXResourcesBuildPhase;
			buildActionMask = 2147483647;
			files = (
				711DA0BC273C770A006A9B18 /* art.scnassets in Resources */,
				711DA0C6273C7715006A9B18 /* LaunchScreen.storyboard in Resources */,
				711DA0C3273C7715006A9B18 /* Assets.xcassets in Resources */,
				711DA0C1273C770A006A9B18 /* Main.storyboard in Resources */,
			);
			runOnlyForDeploymentPostprocessing = 0;
		};
		711DA0CA273C7715006A9B18 /* Resources */ = {
			isa = PBXResourcesBuildPhase;
			buildActionMask = 2147483647;
			files = (
			);
			runOnlyForDeploymentPostprocessing = 0;
		};
		711DA0D5273C7715006A9B18 /* Resources */ = {
			isa = PBXResourcesBuildPhase;
			buildActionMask = 2147483647;
			files = (
			);
			runOnlyForDeploymentPostprocessing = 0;
		};
/* End PBXResourcesBuildPhase section */

/* Begin PBXSourcesBuildPhase section */
		711DA0B2273C770A006A9B18 /* Sources */ = {
			isa = PBXSourcesBuildPhase;
			buildActionMask = 2147483647;
			files = (
				711DA0BE273C770A006A9B18 /* ViewController.swift in Sources */,
				711DA0BA273C770A006A9B18 /* AppDelegate.swift in Sources */,
			);
			runOnlyForDeploymentPostprocessing = 0;
		};
		711DA0C8273C7715006A9B18 /* Sources */ = {
			isa = PBXSourcesBuildPhase;
			buildActionMask = 2147483647;
			files = (
				711DA0D1273C7715006A9B18 /* FaceTrackingTests.swift in Sources */,
			);
			runOnlyForDeploymentPostprocessing = 0;
		};
		711DA0D3273C7715006A9B18 /* Sources */ = {
			isa = PBXSourcesBuildPhase;
			buildActionMask = 2147483647;
			files = (
				711DA0DC273C7715006A9B18 /* FaceTrackingUITests.swift in Sources */,
			);
			runOnlyForDeploymentPostprocessing = 0;
		};
/* End PBXSourcesBuildPhase section */

/* Begin PBXTargetDependency section */
		711DA0CE273C7715006A9B18 /* PBXTargetDependency */ = {
			isa = PBXTargetDependency;
			target = 711DA0B5273C770A006A9B18 /* FaceTracking */;
			targetProxy = 711DA0CD273C7715006A9B18 /* PBXContainerItemProxy */;
		};
		711DA0D9273C7715006A9B18 /* PBXTargetDependency */ = {
			isa = PBXTargetDependency;
			target = 711DA0B5273C770A006A9B18 /* FaceTracking */;
			targetProxy = 711DA0D8273C7715006A9B18 /* PBXContainerItemProxy */;
		};
/* End PBXTargetDependency section */

/* Begin PBXVariantGroup section */
		711DA0BF273C770A006A9B18 /* Main.storyboard */ = {
			isa = PBXVariantGroup;
			children = (
				711DA0C0273C770A006A9B18 /* Base */,
			);
			name = Main.storyboard;
			sourceTree = "<group>";
		};
		711DA0C4273C7715006A9B18 /* LaunchScreen.storyboard */ = {
			isa = PBXVariantGroup;
			children = (
				711DA0C5273C7715006A9B18 /* Base */,
			);
			name = LaunchScreen.storyboard;
			sourceTree = "<group>";
		};
/* End PBXVariantGroup section */

/* Begin XCBuildConfiguration section */
		711DA0DE273C7715006A9B18 /* Debug */ = {
			isa = XCBuildConfiguration;
			buildSettings = {
				ALWAYS_SEARCH_USER_PATHS = NO;
				CLANG_ANALYZER_NONNULL = YES;
				CLANG_ANALYZER_NUMBER_OBJECT_CONVERSION = YES_AGGRESSIVE;
				CLANG_CXX_LANGUAGE_STANDARD = "gnu++14";
				CLANG_CXX_LIBRARY = "libc++";
				CLANG_ENABLE_MODULES = YES;
				CLANG_ENABLE_OBJC_ARC = YES;
				CLANG_ENABLE_OBJC_WEAK = YES;
				CLANG_WARN_BLOCK_CAPTURE_AUTORELEASING = YES;
				CLANG_WARN_BOOL_CONVERSION = YES;
				CLANG_WARN_COMMA = YES;
				CLANG_WARN_CONSTANT_CONVERSION = YES;
				CLANG_WARN_DEPRECATED_OBJC_IMPLEMENTATIONS = YES;
				CLANG_WARN_DIRECT_OBJC_ISA_USAGE = YES_ERROR;
				CLANG_WARN_DOCUMENTATION_COMMENTS = YES;
				CLANG_WARN_EMPTY_BODY = YES;
				CLANG_WARN_ENUM_CONVERSION = YES;
				CLANG_WARN_INFINITE_RECURSION = YES;
				CLANG_WARN_INT_CONVERSION = YES;
				CLANG_WARN_NON_LITERAL_NULL_CONVERSION = YES;
				CLANG_WARN_OBJC_IMPLICIT_RETAIN_SELF = YES;
				CLANG_WARN_OBJC_LITERAL_CONVERSION = YES;
				CLANG_WARN_OBJC_ROOT_CLASS = YES_ERROR;
				CLANG_WARN_QUOTED_INCLUDE_IN_FRAMEWORK_HEADER = YES;
				CLANG_WARN_RANGE_LOOP_ANALYSIS = YES;
				CLANG_WARN_STRICT_PROTOTYPES = YES;
				CLANG_WARN_SUSPICIOUS_MOVE = YES;
				CLANG_WARN_UNGUARDED_AVAILABILITY = YES_AGGRESSIVE;
				CLANG_WARN_UNREACHABLE_CODE = YES;
				CLANG_WARN__DUPLICATE_METHOD_MATCH = YES;
				COPY_PHASE_STRIP = NO;
				DEBUG_INFORMATION_FORMAT = dwarf;
				ENABLE_STRICT_OBJC_MSGSEND = YES;
				ENABLE_TESTABILITY = YES;
				GCC_C_LANGUAGE_STANDARD = gnu11;
				GCC_DYNAMIC_NO_PIC = NO;
				GCC_NO_COMMON_BLOCKS = YES;
				GCC_OPTIMIZATION_LEVEL = 0;
				GCC_PREPROCESSOR_DEFINITIONS = (
					"DEBUG=1",
					"$(inherited)",
				);
				GCC_WARN_64_TO_32_BIT_CONVERSION = YES;
				GCC_WARN_ABOUT_RETURN_TYPE = YES_ERROR;
				GCC_WARN_UNDECLARED_SELECTOR = YES;
				GCC_WARN_UNINITIALIZED_AUTOS = YES_AGGRESSIVE;
				GCC_WARN_UNUSED_FUNCTION = YES;
				GCC_WARN_UNUSED_VARIABLE = YES;
				IPHONEOS_DEPLOYMENT_TARGET = 14.4;
				MTL_ENABLE_DEBUG_INFO = INCLUDE_SOURCE;
				MTL_FAST_MATH = YES;
				ONLY_ACTIVE_ARCH = YES;
				SDKROOT = iphoneos;
				SWIFT_ACTIVE_COMPILATION_CONDITIONS = DEBUG;
				SWIFT_OPTIMIZATION_LEVEL = "-Onone";
			};
			name = Debug;
		};
		711DA0DF273C7715006A9B18 /* Release */ = {
			isa = XCBuildConfiguration;
			buildSettings = {
				ALWAYS_SEARCH_USER_PATHS = NO;
				CLANG_ANALYZER_NONNULL = YES;
				CLANG_ANALYZER_NUMBER_OBJECT_CONVERSION = YES_AGGRESSIVE;
				CLANG_CXX_LANGUAGE_STANDARD = "gnu++14";
				CLANG_CXX_LIBRARY = "libc++";
				CLANG_ENABLE_MODULES = YES;
				CLANG_ENABLE_OBJC_ARC = YES;
				CLANG_ENABLE_OBJC_WEAK = YES;
				CLANG_WARN_BLOCK_CAPTURE_AUTORELEASING = YES;
				CLANG_WARN_BOOL_CONVERSION = YES;
				CLANG_WARN_COMMA = YES;
				CLANG_WARN_CONSTANT_CONVERSION = YES;
				CLANG_WARN_DEPRECATED_OBJC_IMPLEMENTATIONS = YES;
				CLANG_WARN_DIRECT_OBJC_ISA_USAGE = YES_ERROR;
				CLANG_WARN_DOCUMENTATION_COMMENTS = YES;
				CLANG_WARN_EMPTY_BODY = YES;
				CLANG_WARN_ENUM_CONVERSION = YES;
				CLANG_WARN_INFINITE_RECURSION = YES;
				CLANG_WARN_INT_CONVERSION = YES;
				CLANG_WARN_NON_LITERAL_NULL_CONVERSION = YES;
				CLANG_WARN_OBJC_IMPLICIT_RETAIN_SELF = YES;
				CLANG_WARN_OBJC_LITERAL_CONVERSION = YES;
				CLANG_WARN_OBJC_ROOT_CLASS = YES_ERROR;
				CLANG_WARN_QUOTED_INCLUDE_IN_FRAMEWORK_HEADER = YES;
				CLANG_WARN_RANGE_LOOP_ANALYSIS = YES;
				CLANG_WARN_STRICT_PROTOTYPES = YES;
				CLANG_WARN_SUSPICIOUS_MOVE = YES;
				CLANG_WARN_UNGUARDED_AVAILABILITY = YES_AGGRESSIVE;
				CLANG_WARN_UNREACHABLE_CODE = YES;
				CLANG_WARN__DUPLICATE_METHOD_MATCH = YES;
				COPY_PHASE_STRIP = NO;
				DEBUG_INFORMATION_FORMAT = "dwarf-with-dsym";
				ENABLE_NS_ASSERTIONS = NO;
				ENABLE_STRICT_OBJC_MSGSEND = YES;
				GCC_C_LANGUAGE_STANDARD = gnu11;
				GCC_NO_COMMON_BLOCKS = YES;
				GCC_WARN_64_TO_32_BIT_CONVERSION = YES;
				GCC_WARN_ABOUT_RETURN_TYPE = YES_ERROR;
				GCC_WARN_UNDECLARED_SELECTOR = YES;
				GCC_WARN_UNINITIALIZED_AUTOS = YES_AGGRESSIVE;
				GCC_WARN_UNUSED_FUNCTION = YES;
				GCC_WARN_UNUSED_VARIABLE = YES;
				IPHONEOS_DEPLOYMENT_TARGET = 14.4;
				MTL_ENABLE_DEBUG_INFO = NO;
				MTL_FAST_MATH = YES;
				SDKROOT = iphoneos;
				SWIFT_COMPILATION_MODE = wholemodule;
				SWIFT_OPTIMIZATION_LEVEL = "-O";
				VALIDATE_PRODUCT = YES;
			};
			name = Release;
		};
		711DA0E1273C7715006A9B18 /* Debug */ = {
			isa = XCBuildConfiguration;
			buildSettings = {
				ASSETCATALOG_COMPILER_APPICON_NAME = AppIcon;
				ASSETCATALOG_COMPILER_GLOBAL_ACCENT_COLOR_NAME = AccentColor;
				CODE_SIGN_STYLE = Automatic;
				DEVELOPMENT_TEAM = 4T8T96B2GZ;
				INFOPLIST_FILE = FaceTracking/Info.plist;
				LD_RUNPATH_SEARCH_PATHS = (
					"$(inherited)",
					"@executable_path/Frameworks",
				);
				PRODUCT_BUNDLE_IDENTIFIER = PrathmeshBhatt.FaceTracking;
				PRODUCT_NAME = "$(TARGET_NAME)";
				SWIFT_VERSION = 5.0;
				TARGETED_DEVICE_FAMILY = "1,2";
			};
			name = Debug;
		};
		711DA0E2273C7715006A9B18 /* Release */ = {
			isa = XCBuildConfiguration;
			buildSettings = {
				ASSETCATALOG_COMPILER_APPICON_NAME = AppIcon;
				ASSETCATALOG_COMPILER_GLOBAL_ACCENT_COLOR_NAME = AccentColor;
				CODE_SIGN_STYLE = Automatic;
				DEVELOPMENT_TEAM = 4T8T96B2GZ;
				INFOPLIST_FILE = FaceTracking/Info.plist;
				LD_RUNPATH_SEARCH_PATHS = (
					"$(inherited)",
					"@executable_path/Frameworks",
				);
				PRODUCT_BUNDLE_IDENTIFIER = PrathmeshBhatt.FaceTracking;
				PRODUCT_NAME = "$(TARGET_NAME)";
				SWIFT_VERSION = 5.0;
				TARGETED_DEVICE_FAMILY = "1,2";
			};
			name = Release;
		};
		711DA0E4273C7715006A9B18 /* Debug */ = {
			isa = XCBuildConfiguration;
			buildSettings = {
				ALWAYS_EMBED_SWIFT_STANDARD_LIBRARIES = YES;
				BUNDLE_LOADER = "$(TEST_HOST)";
				CODE_SIGN_STYLE = Automatic;
				INFOPLIST_FILE = FaceTrackingTests/Info.plist;
				IPHONEOS_DEPLOYMENT_TARGET = 14.4;
				LD_RUNPATH_SEARCH_PATHS = (
					"$(inherited)",
					"@executable_path/Frameworks",
					"@loader_path/Frameworks",
				);
				PRODUCT_BUNDLE_IDENTIFIER = PrathmeshBhatt.FaceTrackingTests;
				PRODUCT_NAME = "$(TARGET_NAME)";
				SWIFT_VERSION = 5.0;
				TARGETED_DEVICE_FAMILY = "1,2";
				TEST_HOST = "$(BUILT_PRODUCTS_DIR)/FaceTracking.app/FaceTracking";
			};
			name = Debug;
		};
		711DA0E5273C7715006A9B18 /* Release */ = {
			isa = XCBuildConfiguration;
			buildSettings = {
				ALWAYS_EMBED_SWIFT_STANDARD_LIBRARIES = YES;
				BUNDLE_LOADER = "$(TEST_HOST)";
				CODE_SIGN_STYLE = Automatic;
				INFOPLIST_FILE = FaceTrackingTests/Info.plist;
				IPHONEOS_DEPLOYMENT_TARGET = 14.4;
				LD_RUNPATH_SEARCH_PATHS = (
					"$(inherited)",
					"@executable_path/Frameworks",
					"@loader_path/Frameworks",
				);
				PRODUCT_BUNDLE_IDENTIFIER = PrathmeshBhatt.FaceTrackingTests;
				PRODUCT_NAME = "$(TARGET_NAME)";
				SWIFT_VERSION = 5.0;
				TARGETED_DEVICE_FAMILY = "1,2";
				TEST_HOST = "$(BUILT_PRODUCTS_DIR)/FaceTracking.app/FaceTracking";
			};
			name = Release;
		};
		711DA0E7273C7715006A9B18 /* Debug */ = {
			isa = XCBuildConfiguration;
			buildSettings = {
				ALWAYS_EMBED_SWIFT_STANDARD_LIBRARIES = YES;
				CODE_SIGN_STYLE = Automatic;
				INFOPLIST_FILE = FaceTrackingUITests/Info.plist;
				LD_RUNPATH_SEARCH_PATHS = (
					"$(inherited)",
					"@executable_path/Frameworks",
					"@loader_path/Frameworks",
				);
				PRODUCT_BUNDLE_IDENTIFIER = PrathmeshBhatt.FaceTrackingUITests;
				PRODUCT_NAME = "$(TARGET_NAME)";
				SWIFT_VERSION = 5.0;
				TARGETED_DEVICE_FAMILY = "1,2";
				TEST_TARGET_NAME = FaceTracking;
			};
			name = Debug;
		};
		711DA0E8273C7715006A9B18 /* Release */ = {
			isa = XCBuildConfiguration;
			buildSettings = {
				ALWAYS_EMBED_SWIFT_STANDARD_LIBRARIES = YES;
				CODE_SIGN_STYLE = Automatic;
				INFOPLIST_FILE = FaceTrackingUITests/Info.plist;
				LD_RUNPATH_SEARCH_PATHS = (
					"$(inherited)",
					"@executable_path/Frameworks",
					"@loader_path/Frameworks",
				);
				PRODUCT_BUNDLE_IDENTIFIER = PrathmeshBhatt.FaceTrackingUITests;
				PRODUCT_NAME = "$(TARGET_NAME)";
				SWIFT_VERSION = 5.0;
				TARGETED_DEVICE_FAMILY = "1,2";
				TEST_TARGET_NAME = FaceTracking;
			};
			name = Release;
		};
/* End XCBuildConfiguration section */

/* Begin XCConfigurationList section */
		711DA0B1273C770A006A9B18 /* Build configuration list for PBXProject "FaceTracking" */ = {
			isa = XCConfigurationList;
			buildConfigurations = (
				711DA0DE273C7715006A9B18 /* Debug */,
				711DA0DF273C7715006A9B18 /* Release */,
			);
			defaultConfigurationIsVisible = 0;
			defaultConfigurationName = Release;
		};
		711DA0E0273C7715006A9B18 /* Build configuration list for PBXNativeTarget "FaceTracking" */ = {
			isa = XCConfigurationList;
			buildConfigurations = (
				711DA0E1273C7715006A9B18 /* Debug */,
				711DA0E2273C7715006A9B18 /* Release */,
			);
			defaultConfigurationIsVisible = 0;
			defaultConfigurationName = Release;
		};
		711DA0E3273C7715006A9B18 /* Build configuration list for PBXNativeTarget "FaceTrackingTests" */ = {
			isa = XCConfigurationList;
			buildConfigurations = (
				711DA0E4273C7715006A9B18 /* Debug */,
				711DA0E5273C7715006A9B18 /* Release */,
			);
			defaultConfigurationIsVisible = 0;
			defaultConfigurationName = Release;
		};
		711DA0E6273C7715006A9B18 /* Build configuration list for PBXNativeTarget "FaceTrackingUITests" */ = {
			isa = XCConfigurationList;
			buildConfigurations = (
				711DA0E7273C7715006A9B18 /* Debug */,
				711DA0E8273C7715006A9B18 /* Release */,
			);
			defaultConfigurationIsVisible = 0;
			defaultConfigurationName = Release;
		};
/* End XCConfigurationList section */
	};
	rootObject = 711DA0AE273C770A006A9B18 /* Project object */;
}
